
Microsoft Visual Studio Solution File, Format Version 12.00
# Visual Studio Version 16
VisualStudioVersion = 16.0.30309.148
MinimumVisualStudioVersion = 10.0.40219.1
Project("{FAE04EC0-301F-11D3-BF4B-00C04F79EFBC}") = "Assignment2", "Assignment2.csproj", "{F2410DE7-5073-4572-AF79-C42DDB8A498D}"
EndProject
Global
	GlobalSection(SolutionConfigurationPlatforms) = preSolution
		Debug|Any CPU = Debug|Any CPU
		Release|Any CPU = Release|Any CPU
	EndGlobalSection
	GlobalSection(ProjectConfigurationPlatforms) = postSolution
		{F2410DE7-5073-4572-AF79-C42DDB8A498D}.Debug|Any CPU.ActiveCfg = Debug|Any CPU
		{F2410DE7-5073-4572-AF79-C42DDB8A498D}.Debug|Any CPU.Build.0 = Debug|Any CPU
		{F2410DE7-5073-4572-AF79-C42DDB8A498D}.Release|Any CPU.ActiveCfg = Release|Any CPU
		{F2410DE7-5073-4572-AF79-C42DDB8A498D}.Release|Any CPU.Build.0 = Release|Any CPU
	EndGlobalSection
	GlobalSection(SolutionProperties) = preSolution
		HideSolutionNode = FALSE
	EndGlobalSection
	GlobalSection(ExtensibilityGlobals) = postSolution
		SolutionGuid = {442A52E0-91D7-4367-AF43-942DC492A803}
	EndGlobalSection
EndGlobal
